
Microsoft Visual Studio Solution File, Format Version 12.00
# Visual Studio Version 16
VisualStudioVersion = 16.0.31129.286
MinimumVisualStudioVersion = 10.0.40219.1
Project("{FAE04EC0-301F-11D3-BF4B-00C04F79EFBC}") = "CodeAnalysis", "CodeAnalysis.csproj", "{59AE51E3-8D16-4100-9A2A-1522974C546D}"
EndProject
Global
	GlobalSection(SolutionConfigurationPlatforms) = preSolution
		Debug|Any CPU = Debug|Any CPU
		Release|Any CPU = Release|Any CPU
	EndGlobalSection
	GlobalSection(ProjectConfigurationPlatforms) = postSolution
		{59AE51E3-8D16-4100-9A2A-1522974C546D}.Debug|Any CPU.ActiveCfg = Debug|Any CPU
		{59AE51E3-8D16-4100-9A2A-1522974C546D}.Debug|Any CPU.Build.0 = Debug|Any CPU
		{59AE51E3-8D16-4100-9A2A-1522974C546D}.Release|Any CPU.ActiveCfg = Release|Any CPU
		{59AE51E3-8D16-4100-9A2A-1522974C546D}.Release|Any CPU.Build.0 = Release|Any CPU
	EndGlobalSection
	GlobalSection(SolutionProperties) = preSolution
		HideSolutionNode = FALSE
	EndGlobalSection
	GlobalSection(ExtensibilityGlobals) = postSolution
		SolutionGuid = {EFA7F68A-CB1D-4153-8293-FC95ABCC3CC1}
	EndGlobalSection
EndGlobal
